
Microsoft Visual Studio Solution File, Format Version 12.00
# Visual Studio 15
VisualStudioVersion = 15.0.28307.960
MinimumVisualStudioVersion = 10.0.40219.1
Project("{9A19103F-16F7-4668-BE54-9A1E7A4F7556}") = "MySparkApp", "MySparkApp\MySparkApp.csproj", "{81411211-B386-46F1-9D34-1CAF506C2E25}"
EndProject
Project("{F184B08F-C81C-45F6-A57F-5ABD9991F28F}") = "MySparkBasic", "MySparkBasic\MySparkBasic.vbproj", "{F3886E43-F096-4706-AF06-7D6B292889BA}"
EndProject
Global
	GlobalSection(SolutionConfigurationPlatforms) = preSolution
		Debug|Any CPU = Debug|Any CPU
		Debug|x64 = Debug|x64
		Debug|x86 = Debug|x86
		Release|Any CPU = Release|Any CPU
		Release|x64 = Release|x64
		Release|x86 = Release|x86
	EndGlobalSection
	GlobalSection(ProjectConfigurationPlatforms) = postSolution
		{81411211-B386-46F1-9D34-1CAF506C2E25}.Debug|Any CPU.ActiveCfg = Debug|Any CPU
		{81411211-B386-46F1-9D34-1CAF506C2E25}.Debug|Any CPU.Build.0 = Debug|Any CPU
		{81411211-B386-46F1-9D34-1CAF506C2E25}.Debug|x64.ActiveCfg = Debug|Any CPU
		{81411211-B386-46F1-9D34-1CAF506C2E25}.Debug|x64.Build.0 = Debug|Any CPU
		{81411211-B386-46F1-9D34-1CAF506C2E25}.Debug|x86.ActiveCfg = Debug|Any CPU
		{81411211-B386-46F1-9D34-1CAF506C2E25}.Debug|x86.Build.0 = Debug|Any CPU
		{81411211-B386-46F1-9D34-1CAF506C2E25}.Release|Any CPU.ActiveCfg = Release|Any CPU
		{81411211-B386-46F1-9D34-1CAF506C2E25}.Release|Any CPU.Build.0 = Release|Any CPU
		{81411211-B386-46F1-9D34-1CAF506C2E25}.Release|x64.ActiveCfg = Release|Any CPU
		{81411211-B386-46F1-9D34-1CAF506C2E25}.Release|x64.Build.0 = Release|Any CPU
		{81411211-B386-46F1-9D34-1CAF506C2E25}.Release|x86.ActiveCfg = Release|Any CPU
		{81411211-B386-46F1-9D34-1CAF506C2E25}.Release|x86.Build.0 = Release|Any CPU
		{F3886E43-F096-4706-AF06-7D6B292889BA}.Debug|Any CPU.ActiveCfg = Debug|Any CPU
		{F3886E43-F096-4706-AF06-7D6B292889BA}.Debug|Any CPU.Build.0 = Debug|Any CPU
		{F3886E43-F096-4706-AF06-7D6B292889BA}.Debug|x64.ActiveCfg = Debug|Any CPU
		{F3886E43-F096-4706-AF06-7D6B292889BA}.Debug|x64.Build.0 = Debug|Any CPU
		{F3886E43-F096-4706-AF06-7D6B292889BA}.Debug|x86.ActiveCfg = Debug|Any CPU
		{F3886E43-F096-4706-AF06-7D6B292889BA}.Debug|x86.Build.0 = Debug|Any CPU
		{F3886E43-F096-4706-AF06-7D6B292889BA}.Release|Any CPU.ActiveCfg = Release|Any CPU
		{F3886E43-F096-4706-AF06-7D6B292889BA}.Release|Any CPU.Build.0 = Release|Any CPU
		{F3886E43-F096-4706-AF06-7D6B292889BA}.Release|x64.ActiveCfg = Release|Any CPU
		{F3886E43-F096-4706-AF06-7D6B292889BA}.Release|x64.Build.0 = Release|Any CPU
		{F3886E43-F096-4706-AF06-7D6B292889BA}.Release|x86.ActiveCfg = Release|Any CPU
		{F3886E43-F096-4706-AF06-7D6B292889BA}.Release|x86.Build.0 = Release|Any CPU
	EndGlobalSection
	GlobalSection(SolutionProperties) = preSolution
		HideSolutionNode = FALSE
	EndGlobalSection
	GlobalSection(ExtensibilityGlobals) = postSolution
		SolutionGuid = {DA5A6F83-7079-4E42-ABFE-D8064EA1FFA0}
	EndGlobalSection
EndGlobal
